
Microsoft Visual Studio Solution File, Format Version 12.00
# Visual Studio 2012
Project("{FAE04EC0-301F-11D3-BF4B-00C04F79EFBC}") = "jQueryMvcVsAngularWebApiTodoList", "jQueryMvcVsAngularWebApiTodoList\jQueryMvcVsAngularWebApiTodoList.csproj", "{4875B46D-A282-4FC4-861C-5A8A68DD375B}"
EndProject
Project("{2150E333-8FDC-42A3-9474-1A3956D46DE8}") = ".nuget", ".nuget", "{D9F7BFF1-20D6-40B5-8D6D-F64B182E2C7D}"
	ProjectSection(SolutionItems) = preProject
		.nuget\NuGet.Config = .nuget\NuGet.Config
		.nuget\NuGet.exe = .nuget\NuGet.exe
		.nuget\NuGet.targets = .nuget\NuGet.targets
	EndProjectSection
EndProject
Global
	GlobalSection(SolutionConfigurationPlatforms) = preSolution
		Debug|Any CPU = Debug|Any CPU
		Release|Any CPU = Release|Any CPU
	EndGlobalSection
	GlobalSection(ProjectConfigurationPlatforms) = postSolution
		{4875B46D-A282-4FC4-861C-5A8A68DD375B}.Debug|Any CPU.ActiveCfg = Debug|Any CPU
		{4875B46D-A282-4FC4-861C-5A8A68DD375B}.Debug|Any CPU.Build.0 = Debug|Any CPU
		{4875B46D-A282-4FC4-861C-5A8A68DD375B}.Release|Any CPU.ActiveCfg = Release|Any CPU
		{4875B46D-A282-4FC4-861C-5A8A68DD375B}.Release|Any CPU.Build.0 = Release|Any CPU
	EndGlobalSection
	GlobalSection(SolutionProperties) = preSolution
		HideSolutionNode = FALSE
	EndGlobalSection
EndGlobal
